
Microsoft Visual Studio Solution File, Format Version 12.00
# Visual Studio Version 16
VisualStudioVersion = 16.0.29519.87
MinimumVisualStudioVersion = 10.0.40219.1
Project("{2150E333-8FDC-42A3-9474-1A3956D46DE8}") = "Data", "Data", "{878B4B2A-2588-47DA-94D2-390E3F42AD0F}"
EndProject
Project("{FAE04EC0-301F-11D3-BF4B-00C04F79EFBC}") = "Newsweek.Data", "Data\Newsweek.Data\Newsweek.Data.csproj", "{703798BC-AB64-4386-8EFE-CB55F899E050}"
EndProject
Global
	GlobalSection(SolutionConfigurationPlatforms) = preSolution
		Debug|Any CPU = Debug|Any CPU
		Release|Any CPU = Release|Any CPU
	EndGlobalSection
	GlobalSection(ProjectConfigurationPlatforms) = postSolution
		{703798BC-AB64-4386-8EFE-CB55F899E050}.Debug|Any CPU.ActiveCfg = Debug|Any CPU
		{703798BC-AB64-4386-8EFE-CB55F899E050}.Debug|Any CPU.Build.0 = Debug|Any CPU
		{703798BC-AB64-4386-8EFE-CB55F899E050}.Release|Any CPU.ActiveCfg = Release|Any CPU
		{703798BC-AB64-4386-8EFE-CB55F899E050}.Release|Any CPU.Build.0 = Release|Any CPU
	EndGlobalSection
	GlobalSection(SolutionProperties) = preSolution
		HideSolutionNode = FALSE
	EndGlobalSection
	GlobalSection(NestedProjects) = preSolution
		{703798BC-AB64-4386-8EFE-CB55F899E050} = {878B4B2A-2588-47DA-94D2-390E3F42AD0F}
	EndGlobalSection
	GlobalSection(ExtensibilityGlobals) = postSolution
		SolutionGuid = {B736D035-665E-4F9C-9C04-AEC89AAB9AF6}
	EndGlobalSection
EndGlobal
