
Microsoft Visual Studio Solution File, Format Version 12.00
# Visual Studio Version 16
VisualStudioVersion = 16.0.29519.87
MinimumVisualStudioVersion = 10.0.40219.1
Project("{2150E333-8FDC-42A3-9474-1A3956D46DE8}") = "Data", "Data", "{878B4B2A-2588-47DA-94D2-390E3F42AD0F}"
EndProject
Project("{9A19103F-16F7-4668-BE54-9A1E7A4F7556}") = "Newsweek.Data", "Data\Newsweek.Data\Newsweek.Data.csproj", "{703798BC-AB64-4386-8EFE-CB55F899E050}"
EndProject
Project("{2150E333-8FDC-42A3-9474-1A3956D46DE8}") = "Web", "Web", "{9F692309-8859-42A3-A88A-5FC0A14DA71C}"
EndProject
Project("{9A19103F-16F7-4668-BE54-9A1E7A4F7556}") = "Newsweek.Web", "Web\Newsweek.Web\Newsweek.Web.csproj", "{660D1E0B-BF1A-4F78-A88B-FD71B0271DE5}"
EndProject
Project("{9A19103F-16F7-4668-BE54-9A1E7A4F7556}") = "Newsweek.Data.Models", "Data\Newsweek.Data.Models\Newsweek.Data.Models.csproj", "{019222BF-32B5-46B6-A767-C13586A35E0C}"
EndProject
Project("{2150E333-8FDC-42A3-9474-1A3956D46DE8}") = "Worker", "Worker", "{4A8D1139-EB0F-4846-BA2B-0F6F4645C25A}"
EndProject
Project("{9A19103F-16F7-4668-BE54-9A1E7A4F7556}") = "Newsweek.Worker.Console", "Worker\Newsweek.Worker.Console\Newsweek.Worker.Console.csproj", "{973424C3-B8F3-4C4F-8C83-5300DD76D133}"
EndProject
Project("{FAE04EC0-301F-11D3-BF4B-00C04F79EFBC}") = "Newsweek.Worker.Core", "Worker\Newsweek.Worker.Core\Newsweek.Worker.Core.csproj", "{8A492430-D24E-48C0-BF2F-6D8BCB276549}"
EndProject
Global
	GlobalSection(SolutionConfigurationPlatforms) = preSolution
		Debug|Any CPU = Debug|Any CPU
		Release|Any CPU = Release|Any CPU
	EndGlobalSection
	GlobalSection(ProjectConfigurationPlatforms) = postSolution
		{703798BC-AB64-4386-8EFE-CB55F899E050}.Debug|Any CPU.ActiveCfg = Debug|Any CPU
		{703798BC-AB64-4386-8EFE-CB55F899E050}.Debug|Any CPU.Build.0 = Debug|Any CPU
		{703798BC-AB64-4386-8EFE-CB55F899E050}.Release|Any CPU.ActiveCfg = Release|Any CPU
		{703798BC-AB64-4386-8EFE-CB55F899E050}.Release|Any CPU.Build.0 = Release|Any CPU
		{660D1E0B-BF1A-4F78-A88B-FD71B0271DE5}.Debug|Any CPU.ActiveCfg = Debug|Any CPU
		{660D1E0B-BF1A-4F78-A88B-FD71B0271DE5}.Debug|Any CPU.Build.0 = Debug|Any CPU
		{660D1E0B-BF1A-4F78-A88B-FD71B0271DE5}.Release|Any CPU.ActiveCfg = Release|Any CPU
		{660D1E0B-BF1A-4F78-A88B-FD71B0271DE5}.Release|Any CPU.Build.0 = Release|Any CPU
		{019222BF-32B5-46B6-A767-C13586A35E0C}.Debug|Any CPU.ActiveCfg = Debug|Any CPU
		{019222BF-32B5-46B6-A767-C13586A35E0C}.Debug|Any CPU.Build.0 = Debug|Any CPU
		{019222BF-32B5-46B6-A767-C13586A35E0C}.Release|Any CPU.ActiveCfg = Release|Any CPU
		{019222BF-32B5-46B6-A767-C13586A35E0C}.Release|Any CPU.Build.0 = Release|Any CPU
		{973424C3-B8F3-4C4F-8C83-5300DD76D133}.Debug|Any CPU.ActiveCfg = Debug|Any CPU
		{973424C3-B8F3-4C4F-8C83-5300DD76D133}.Debug|Any CPU.Build.0 = Debug|Any CPU
		{973424C3-B8F3-4C4F-8C83-5300DD76D133}.Release|Any CPU.ActiveCfg = Release|Any CPU
		{973424C3-B8F3-4C4F-8C83-5300DD76D133}.Release|Any CPU.Build.0 = Release|Any CPU
		{8A492430-D24E-48C0-BF2F-6D8BCB276549}.Debug|Any CPU.ActiveCfg = Debug|Any CPU
		{8A492430-D24E-48C0-BF2F-6D8BCB276549}.Debug|Any CPU.Build.0 = Debug|Any CPU
		{8A492430-D24E-48C0-BF2F-6D8BCB276549}.Release|Any CPU.ActiveCfg = Release|Any CPU
		{8A492430-D24E-48C0-BF2F-6D8BCB276549}.Release|Any CPU.Build.0 = Release|Any CPU
	EndGlobalSection
	GlobalSection(SolutionProperties) = preSolution
		HideSolutionNode = FALSE
	EndGlobalSection
	GlobalSection(NestedProjects) = preSolution
		{703798BC-AB64-4386-8EFE-CB55F899E050} = {878B4B2A-2588-47DA-94D2-390E3F42AD0F}
		{660D1E0B-BF1A-4F78-A88B-FD71B0271DE5} = {9F692309-8859-42A3-A88A-5FC0A14DA71C}
		{019222BF-32B5-46B6-A767-C13586A35E0C} = {878B4B2A-2588-47DA-94D2-390E3F42AD0F}
		{973424C3-B8F3-4C4F-8C83-5300DD76D133} = {4A8D1139-EB0F-4846-BA2B-0F6F4645C25A}
		{8A492430-D24E-48C0-BF2F-6D8BCB276549} = {4A8D1139-EB0F-4846-BA2B-0F6F4645C25A}
	EndGlobalSection
	GlobalSection(ExtensibilityGlobals) = postSolution
		SolutionGuid = {B736D035-665E-4F9C-9C04-AEC89AAB9AF6}
	EndGlobalSection
EndGlobal
